<?xml version="1.0" encoding="utf-8"?>
<Project ToolsVersion="4.0" xmlns="http://schemas.microsoft.com/developer/msbuild/2003">
  <ItemGroup>
    <Filter Include="mainGame">
      <UniqueIdentifier>{f64753bf-5ff2-43bd-9a2d-d1a9330be2ff}</UniqueIdentifier>
    </Filter>
    <Filter Include="Header">
      <UniqueIdentifier>{0e5eef77-a78b-4c6f-80c1-8cfa2321868f}</UniqueIdentifier>
    </Filter>
    <Filter Include="mainGame\sceneGame">
      <UniqueIdentifier>{469c0a74-79c8-42ab-80ff-f40b3300f40e}</UniqueIdentifier>
    </Filter>
    <Filter Include="mainGame\Unit">
      <UniqueIdentifier>{87f53df7-09c6-4b04-bf57-f44dbfed44cf}</UniqueIdentifier>
    </Filter>
    <Filter Include="mainGame\Building">
      <UniqueIdentifier>{7b8a57c9-3f59-4c37-8925-394af320baa7}</UniqueIdentifier>
    </Filter>
    <Filter Include="mainGame\RACES">
      <UniqueIdentifier>{efd3194d-9f35-449d-9b7b-110d58292aad}</UniqueIdentifier>
    </Filter>
    <Filter Include="mainGame\RACES\Zerg">
      <UniqueIdentifier>{62224911-1a4f-4f3a-9798-260d41944a1f}</UniqueIdentifier>
    </Filter>
    <Filter Include="mainGame\RACES\Zerg\Units">
      <UniqueIdentifier>{dcb40a26-767f-42fa-b9a9-86f71dcbb0ae}</UniqueIdentifier>
    </Filter>
    <Filter Include="mainGame\RACES\Zerg\Building">
      <UniqueIdentifier>{f610cbbe-ef9f-4330-bc59-8a24cc9f5e08}</UniqueIdentifier>
    </Filter>
    <Filter Include="mainGame\RACES\Terran">
      <UniqueIdentifier>{b6d308ac-21f9-43ee-b270-e34edafb0bb1}</UniqueIdentifier>
    </Filter>
    <Filter Include="mainGame\RACES\Protoss">
      <UniqueIdentifier>{60e4678d-a482-42fe-8020-8bde1cc9edd3}</UniqueIdentifier>
    </Filter>
  </ItemGroup>
  <ItemGroup>
    <ClCompile Include="sceneGame.cpp">
      <Filter>mainGame\sceneGame</Filter>
    </ClCompile>
    <ClCompile Include="Unit.cpp">
      <Filter>mainGame\Unit</Filter>
    </ClCompile>
    <ClCompile Include="mainGame.cpp">
      <Filter>mainGame</Filter>
    </ClCompile>
    <ClCompile Include="DxWindow.cpp" />
    <ClCompile Include="Building.cpp">
      <Filter>mainGame\Building</Filter>
    </ClCompile>
    <ClCompile Include="Player.cpp">
      <Filter>mainGame</Filter>
    </ClCompile>
    <ClCompile Include="gameMap.cpp">
      <Filter>mainGame</Filter>
    </ClCompile>
  </ItemGroup>
  <ItemGroup>
    <ClInclude Include="sceneGame.h">
      <Filter>mainGame\sceneGame</Filter>
    </ClInclude>
    <ClInclude Include="Unit.h">
      <Filter>mainGame\Unit</Filter>
    </ClInclude>
    <ClInclude Include="mainGame.h">
      <Filter>mainGame</Filter>
    </ClInclude>
    <ClInclude Include="stdafx.h">
      <Filter>Header</Filter>
    </ClInclude>
    <ClInclude Include="DxWindow.h" />
    <ClInclude Include="Building.h">
      <Filter>mainGame\Building</Filter>
    </ClInclude>
    <ClInclude Include="Player.h">
      <Filter>mainGame</Filter>
    </ClInclude>
    <ClInclude Include="gameMap.h">
      <Filter>mainGame</Filter>
    </ClInclude>
  </ItemGroup>
  <ItemGroup>
    <Filter Include="mainGame">
      <UniqueIdentifier>{a077d8d1-66fe-4e56-9de2-837633154462}</UniqueIdentifier>
    </Filter>
    <Filter Include="header">
      <UniqueIdentifier>{90c486fc-c3f7-44c4-8a53-3dea85ca33af}</UniqueIdentifier>
    </Filter>
  </ItemGroup>
</Project>