<?xml version="1.0" encoding="utf-8"?>
<Project ToolsVersion="4.0" xmlns="http://schemas.microsoft.com/developer/msbuild/2003">
  <ItemGroup>
    <Filter Include="소스 파일">
      <UniqueIdentifier>{4FC737F1-C7A5-4376-A066-2A32D752A2FF}</UniqueIdentifier>
      <Extensions>cpp;c;cc;cxx;def;odl;idl;hpj;bat;asm;asmx</Extensions>
    </Filter>
    <Filter Include="헤더 파일">
      <UniqueIdentifier>{93995380-89BD-4b04-88EB-625FBE52EBFB}</UniqueIdentifier>
      <Extensions>h;hh;hpp;hxx;hm;inl;inc;xsd</Extensions>
    </Filter>
    <Filter Include="리소스 파일">
      <UniqueIdentifier>{67DA6AB6-F800-4c08-8B7A-83BB121AAD01}</UniqueIdentifier>
      <Extensions>rc;ico;cur;bmp;dlg;rc2;rct;bin;rgs;gif;jpg;jpeg;jpe;resx;tiff;tif;png;wav;mfcribbon-ms</Extensions>
    </Filter>
    <Filter Include="framework">
      <UniqueIdentifier>{48817d65-cf53-4302-9051-3c34badecdec}</UniqueIdentifier>
    </Filter>
    <Filter Include="framework\animation">
      <UniqueIdentifier>{d70ea627-a361-419e-a5b6-958e9725ff45}</UniqueIdentifier>
    </Filter>
    <Filter Include="framework\camera">
      <UniqueIdentifier>{1de1781c-892e-4f78-9573-cbbc7b5705ed}</UniqueIdentifier>
    </Filter>
    <Filter Include="framework\database">
      <UniqueIdentifier>{602f3784-9f56-49eb-93c6-d2ee7ca3607f}</UniqueIdentifier>
    </Filter>
    <Filter Include="framework\Manager">
      <UniqueIdentifier>{14ef1a9e-65f2-46ca-b7a6-9ba594339edb}</UniqueIdentifier>
    </Filter>
    <Filter Include="framework\PrintText">
      <UniqueIdentifier>{b87826d4-4b78-4ecc-a437-430c1e49ca34}</UniqueIdentifier>
    </Filter>
    <Filter Include="framework\Rect">
      <UniqueIdentifier>{c8d67a8a-51bb-4423-8235-b77d814a7930}</UniqueIdentifier>
    </Filter>
    <Filter Include="framework\Sprite">
      <UniqueIdentifier>{11741c85-8a1b-4db7-bce1-615097812596}</UniqueIdentifier>
    </Filter>
    <Filter Include="framework\timer">
      <UniqueIdentifier>{a898f981-a4fc-4f0f-8d13-21a883f7d88d}</UniqueIdentifier>
    </Filter>
    <Filter Include="framework\UTIL">
      <UniqueIdentifier>{22759b53-b820-4513-a227-866ebb09a252}</UniqueIdentifier>
    </Filter>
  </ItemGroup>
  <ItemGroup>
    <ClInclude Include="stdafx.h">
      <Filter>헤더 파일</Filter>
    </ClInclude>
    <ClInclude Include="targetver.h">
      <Filter>헤더 파일</Filter>
    </ClInclude>
    <ClInclude Include="animation.h">
      <Filter>framework\animation</Filter>
    </ClInclude>
    <ClInclude Include="camera.h">
      <Filter>framework\camera</Filter>
    </ClInclude>
    <ClInclude Include="singletonBase.h">
      <Filter>framework</Filter>
    </ClInclude>
    <ClInclude Include="database.h">
      <Filter>framework\database</Filter>
    </ClInclude>
    <ClInclude Include="PrintText.h">
      <Filter>framework\PrintText</Filter>
    </ClInclude>
    <ClInclude Include="commonMacroFunction.h">
      <Filter>헤더 파일</Filter>
    </ClInclude>
    <ClInclude Include="globalMacroVariables.h">
      <Filter>헤더 파일</Filter>
    </ClInclude>
    <ClInclude Include="keyAniManager.h">
      <Filter>framework\Manager</Filter>
    </ClInclude>
    <ClInclude Include="keyManager.h">
      <Filter>framework\Manager</Filter>
    </ClInclude>
    <ClInclude Include="Rect.h">
      <Filter>framework\Rect</Filter>
    </ClInclude>
    <ClInclude Include="Sprite.h">
      <Filter>framework\Sprite</Filter>
    </ClInclude>
    <ClInclude Include="Texture.h">
      <Filter>framework\Sprite</Filter>
    </ClInclude>
    <ClInclude Include="timeManager.h">
      <Filter>framework\Manager</Filter>
    </ClInclude>
    <ClInclude Include="textureManager.h">
      <Filter>framework\Manager</Filter>
    </ClInclude>
    <ClInclude Include="textManager.h">
      <Filter>framework\Manager</Filter>
    </ClInclude>
    <ClInclude Include="soundManager.h">
      <Filter>framework\Manager</Filter>
    </ClInclude>
    <ClInclude Include="sceneManager.h">
      <Filter>framework\Manager</Filter>
    </ClInclude>
    <ClInclude Include="rectManager.h">
      <Filter>framework\Manager</Filter>
    </ClInclude>
    <ClInclude Include="timer.h">
      <Filter>framework\timer</Filter>
    </ClInclude>
    <ClInclude Include="utils.h">
      <Filter>framework\UTIL</Filter>
    </ClInclude>
    <ClInclude Include="collision.h">
      <Filter>framework\UTIL</Filter>
    </ClInclude>
    <ClInclude Include="randomFunction.h">
      <Filter>헤더 파일</Filter>
    </ClInclude>
  </ItemGroup>
  <ItemGroup>
    <ClCompile Include="stdafx.cpp">
      <Filter>소스 파일</Filter>
    </ClCompile>
    <ClCompile Include="animation.cpp">
      <Filter>framework\animation</Filter>
    </ClCompile>
    <ClCompile Include="camera.cpp">
      <Filter>framework\camera</Filter>
    </ClCompile>
    <ClCompile Include="database.cpp">
      <Filter>framework\database</Filter>
    </ClCompile>
    <ClCompile Include="PrintText.cpp">
      <Filter>framework\PrintText</Filter>
    </ClCompile>
    <ClCompile Include="keyAniManager.cpp">
      <Filter>framework\Manager</Filter>
    </ClCompile>
    <ClCompile Include="keyManager.cpp">
      <Filter>framework\Manager</Filter>
    </ClCompile>
    <ClCompile Include="Rect.cpp">
      <Filter>framework\Rect</Filter>
    </ClCompile>
    <ClCompile Include="Sprite.cpp">
      <Filter>framework\Sprite</Filter>
    </ClCompile>
    <ClCompile Include="Texture.cpp">
      <Filter>framework\Sprite</Filter>
    </ClCompile>
    <ClCompile Include="timeManager.cpp">
      <Filter>framework\Manager</Filter>
    </ClCompile>
    <ClCompile Include="textureManager.cpp">
      <Filter>framework\Manager</Filter>
    </ClCompile>
    <ClCompile Include="textManager.cpp">
      <Filter>framework\Manager</Filter>
    </ClCompile>
    <ClCompile Include="soundManager.cpp">
      <Filter>framework\Manager</Filter>
    </ClCompile>
    <ClCompile Include="sceneManager.cpp">
      <Filter>framework\Manager</Filter>
    </ClCompile>
    <ClCompile Include="rectManager.cpp">
      <Filter>framework\Manager</Filter>
    </ClCompile>
    <ClCompile Include="timer.cpp">
      <Filter>framework\timer</Filter>
    </ClCompile>
    <ClCompile Include="utils.cpp">
      <Filter>framework\UTIL</Filter>
    </ClCompile>
    <ClCompile Include="collision.cpp">
      <Filter>framework\UTIL</Filter>
    </ClCompile>
  </ItemGroup>
</Project>